// !$*UTF8*$!
{
	archiveVersion = 1;
	classes = {
	};
	objectVersion = 50;
	objects = {

/* Begin PBXBuildFile section */
		372359F124D59F2400DE0A8C /* ConcatDataSources.framework in Frameworks */ = {isa = PBXBuildFile; fileRef = 372359E724D59F2400DE0A8C /* ConcatDataSources.framework */; };
		37235A1924D5A0B700DE0A8C /* CollectionViewConcatDataSource.swift in Sources */ = {isa = PBXBuildFile; fileRef = 37235A1124D5A0B700DE0A8C /* CollectionViewConcatDataSource.swift */; };
		37235A1A24D5A0B700DE0A8C /* ConcatDataSourceDiffableSectionSnapshot.swift in Sources */ = {isa = PBXBuildFile; fileRef = 37235A1224D5A0B700DE0A8C /* ConcatDataSourceDiffableSectionSnapshot.swift */; };
		37235A1B24D5A0B700DE0A8C /* CollectionViewDiffableSectionDataSource.swift in Sources */ = {isa = PBXBuildFile; fileRef = 37235A1324D5A0B700DE0A8C /* CollectionViewDiffableSectionDataSource.swift */; };
		37235A1C24D5A0B700DE0A8C /* CollectionViewSectionDataSource.swift in Sources */ = {isa = PBXBuildFile; fileRef = 37235A1424D5A0B700DE0A8C /* CollectionViewSectionDataSource.swift */; };
		37235A1E24D5A0B700DE0A8C /* CollectionViewStaticSectionDataSource.swift in Sources */ = {isa = PBXBuildFile; fileRef = 37235A1724D5A0B700DE0A8C /* CollectionViewStaticSectionDataSource.swift */; };
		37235A1F24D5A0B700DE0A8C /* CollectionViewItemSelectableSectionDataSource.swift in Sources */ = {isa = PBXBuildFile; fileRef = 37235A1824D5A0B700DE0A8C /* CollectionViewItemSelectableSectionDataSource.swift */; };
		37235A2524D5A0C700DE0A8C /* ConcatDataSourcesTests.swift in Sources */ = {isa = PBXBuildFile; fileRef = 37235A2124D5A0C000DE0A8C /* ConcatDataSourcesTests.swift */; };
		378A64E424D6B69F00C4701E /* TableViewConcatDataSource.swift in Sources */ = {isa = PBXBuildFile; fileRef = 378A64E324D6B69F00C4701E /* TableViewConcatDataSource.swift */; };
		378A64E624D6B6F200C4701E /* TableViewSectionDataSource.swift in Sources */ = {isa = PBXBuildFile; fileRef = 378A64E524D6B6F200C4701E /* TableViewSectionDataSource.swift */; };
		378A64E924D6BAA900C4701E /* ConcatDataSourceCollectionSectionsSnapshot.swift in Sources */ = {isa = PBXBuildFile; fileRef = 378A64E824D6BAA900C4701E /* ConcatDataSourceCollectionSectionsSnapshot.swift */; };
		378A64EC24D6BB4100C4701E /* ConcatDataSourceTableSectionsSnapshot.swift in Sources */ = {isa = PBXBuildFile; fileRef = 378A64EB24D6BB4100C4701E /* ConcatDataSourceTableSectionsSnapshot.swift */; };
		378A64EE24D6BEA200C4701E /* TableViewDiffableSectionDataSource.swift in Sources */ = {isa = PBXBuildFile; fileRef = 378A64ED24D6BEA200C4701E /* TableViewDiffableSectionDataSource.swift */; };
/* End PBXBuildFile section */

/* Begin PBXContainerItemProxy section */
		372359F224D59F2400DE0A8C /* PBXContainerItemProxy */ = {
			isa = PBXContainerItemProxy;
			containerPortal = 372359DE24D59F2400DE0A8C /* Project object */;
			proxyType = 1;
			remoteGlobalIDString = 372359E624D59F2400DE0A8C;
			remoteInfo = ConcatDataSources;
		};
/* End PBXContainerItemProxy section */

/* Begin PBXFileReference section */
		372359E724D59F2400DE0A8C /* ConcatDataSources.framework */ = {isa = PBXFileReference; explicitFileType = wrapper.framework; includeInIndex = 0; path = ConcatDataSources.framework; sourceTree = BUILT_PRODUCTS_DIR; };
		372359F024D59F2400DE0A8C /* ConcatDataSourcesTests.xctest */ = {isa = PBXFileReference; explicitFileType = wrapper.cfbundle; includeInIndex = 0; path = ConcatDataSourcesTests.xctest; sourceTree = BUILT_PRODUCTS_DIR; };
		37235A1124D5A0B700DE0A8C /* CollectionViewConcatDataSource.swift */ = {isa = PBXFileReference; fileEncoding = 4; lastKnownFileType = sourcecode.swift; path = CollectionViewConcatDataSource.swift; sourceTree = "<group>"; };
		37235A1224D5A0B700DE0A8C /* ConcatDataSourceDiffableSectionSnapshot.swift */ = {isa = PBXFileReference; fileEncoding = 4; lastKnownFileType = sourcecode.swift; path = ConcatDataSourceDiffableSectionSnapshot.swift; sourceTree = "<group>"; };
		37235A1324D5A0B700DE0A8C /* CollectionViewDiffableSectionDataSource.swift */ = {isa = PBXFileReference; fileEncoding = 4; lastKnownFileType = sourcecode.swift; path = CollectionViewDiffableSectionDataSource.swift; sourceTree = "<group>"; };
		37235A1424D5A0B700DE0A8C /* CollectionViewSectionDataSource.swift */ = {isa = PBXFileReference; fileEncoding = 4; lastKnownFileType = sourcecode.swift; path = CollectionViewSectionDataSource.swift; sourceTree = "<group>"; };
		37235A1524D5A0B700DE0A8C /* Info.plist */ = {isa = PBXFileReference; fileEncoding = 4; lastKnownFileType = text.plist.xml; path = Info.plist; sourceTree = "<group>"; };
		37235A1724D5A0B700DE0A8C /* CollectionViewStaticSectionDataSource.swift */ = {isa = PBXFileReference; fileEncoding = 4; lastKnownFileType = sourcecode.swift; path = CollectionViewStaticSectionDataSource.swift; sourceTree = "<group>"; };
		37235A1824D5A0B700DE0A8C /* CollectionViewItemSelectableSectionDataSource.swift */ = {isa = PBXFileReference; fileEncoding = 4; lastKnownFileType = sourcecode.swift; path = CollectionViewItemSelectableSectionDataSource.swift; sourceTree = "<group>"; };
		37235A2124D5A0C000DE0A8C /* ConcatDataSourcesTests.swift */ = {isa = PBXFileReference; fileEncoding = 4; lastKnownFileType = sourcecode.swift; path = ConcatDataSourcesTests.swift; sourceTree = "<group>"; };
		37235A2224D5A0C000DE0A8C /* Info.plist */ = {isa = PBXFileReference; fileEncoding = 4; lastKnownFileType = text.plist.xml; path = Info.plist; sourceTree = "<group>"; };
		378A64E324D6B69F00C4701E /* TableViewConcatDataSource.swift */ = {isa = PBXFileReference; lastKnownFileType = sourcecode.swift; path = TableViewConcatDataSource.swift; sourceTree = "<group>"; };
		378A64E524D6B6F200C4701E /* TableViewSectionDataSource.swift */ = {isa = PBXFileReference; lastKnownFileType = sourcecode.swift; path = TableViewSectionDataSource.swift; sourceTree = "<group>"; };
		378A64E824D6BAA900C4701E /* ConcatDataSourceCollectionSectionsSnapshot.swift */ = {isa = PBXFileReference; lastKnownFileType = sourcecode.swift; path = ConcatDataSourceCollectionSectionsSnapshot.swift; sourceTree = "<group>"; };
		378A64EB24D6BB4100C4701E /* ConcatDataSourceTableSectionsSnapshot.swift */ = {isa = PBXFileReference; lastKnownFileType = sourcecode.swift; path = ConcatDataSourceTableSectionsSnapshot.swift; sourceTree = "<group>"; };
		378A64ED24D6BEA200C4701E /* TableViewDiffableSectionDataSource.swift */ = {isa = PBXFileReference; lastKnownFileType = sourcecode.swift; path = TableViewDiffableSectionDataSource.swift; sourceTree = "<group>"; };
/* End PBXFileReference section */

/* Begin PBXFrameworksBuildPhase section */
		372359E424D59F2400DE0A8C /* Frameworks */ = {
			isa = PBXFrameworksBuildPhase;
			buildActionMask = 2147483647;
			files = (
			);
			runOnlyForDeploymentPostprocessing = 0;
		};
		372359ED24D59F2400DE0A8C /* Frameworks */ = {
			isa = PBXFrameworksBuildPhase;
			buildActionMask = 2147483647;
			files = (
				372359F124D59F2400DE0A8C /* ConcatDataSources.framework in Frameworks */,
			);
			runOnlyForDeploymentPostprocessing = 0;
		};
/* End PBXFrameworksBuildPhase section */

/* Begin PBXGroup section */
		372359DD24D59F2400DE0A8C = {
			isa = PBXGroup;
			children = (
				37235A1024D5A0B700DE0A8C /* ConcatDataSources */,
				37235A2024D5A0C000DE0A8C /* ConcatDataSourcesTests */,
				372359E824D59F2400DE0A8C /* Products */,
			);
			sourceTree = "<group>";
		};
		372359E824D59F2400DE0A8C /* Products */ = {
			isa = PBXGroup;
			children = (
				372359E724D59F2400DE0A8C /* ConcatDataSources.framework */,
				372359F024D59F2400DE0A8C /* ConcatDataSourcesTests.xctest */,
			);
			name = Products;
			sourceTree = "<group>";
		};
		37235A1024D5A0B700DE0A8C /* ConcatDataSources */ = {
			isa = PBXGroup;
			children = (
				37235A1224D5A0B700DE0A8C /* ConcatDataSourceDiffableSectionSnapshot.swift */,
				378A64E724D6BA1B00C4701E /* CollectionView */,
				378A64EA24D6BB2700C4701E /* TableView */,
				37235A1624D5A0B700DE0A8C /* Utility */,
				37235A1524D5A0B700DE0A8C /* Info.plist */,
			);
			name = ConcatDataSources;
			path = Sources/ConcatDataSources;
			sourceTree = "<group>";
		};
		37235A1624D5A0B700DE0A8C /* Utility */ = {
			isa = PBXGroup;
			children = (
				37235A1724D5A0B700DE0A8C /* CollectionViewStaticSectionDataSource.swift */,
				37235A1824D5A0B700DE0A8C /* CollectionViewItemSelectableSectionDataSource.swift */,
			);
			path = Utility;
			sourceTree = "<group>";
		};
		37235A2024D5A0C000DE0A8C /* ConcatDataSourcesTests */ = {
			isa = PBXGroup;
			children = (
				37235A2124D5A0C000DE0A8C /* ConcatDataSourcesTests.swift */,
				37235A2224D5A0C000DE0A8C /* Info.plist */,
			);
			name = ConcatDataSourcesTests;
			path = Tests/ConcatDataSourcesTests;
			sourceTree = "<group>";
		};
		378A64E724D6BA1B00C4701E /* CollectionView */ = {
			isa = PBXGroup;
			children = (
				37235A1124D5A0B700DE0A8C /* CollectionViewConcatDataSource.swift */,
				37235A1424D5A0B700DE0A8C /* CollectionViewSectionDataSource.swift */,
				37235A1324D5A0B700DE0A8C /* CollectionViewDiffableSectionDataSource.swift */,
				378A64E824D6BAA900C4701E /* ConcatDataSourceCollectionSectionsSnapshot.swift */,
			);
			path = CollectionView;
			sourceTree = "<group>";
		};
		378A64EA24D6BB2700C4701E /* TableView */ = {
			isa = PBXGroup;
			children = (
				378A64E324D6B69F00C4701E /* TableViewConcatDataSource.swift */,
				378A64E524D6B6F200C4701E /* TableViewSectionDataSource.swift */,
				378A64ED24D6BEA200C4701E /* TableViewDiffableSectionDataSource.swift */,
				378A64EB24D6BB4100C4701E /* ConcatDataSourceTableSectionsSnapshot.swift */,
			);
			path = TableView;
			sourceTree = "<group>";
		};
/* End PBXGroup section */

/* Begin PBXHeadersBuildPhase section */
		372359E224D59F2400DE0A8C /* Headers */ = {
			isa = PBXHeadersBuildPhase;
			buildActionMask = 2147483647;
			files = (
			);
			runOnlyForDeploymentPostprocessing = 0;
		};
/* End PBXHeadersBuildPhase section */

/* Begin PBXNativeTarget section */
		372359E624D59F2400DE0A8C /* ConcatDataSources */ = {
			isa = PBXNativeTarget;
			buildConfigurationList = 372359FB24D59F2400DE0A8C /* Build configuration list for PBXNativeTarget "ConcatDataSources" */;
			buildPhases = (
				372359E224D59F2400DE0A8C /* Headers */,
				372359E324D59F2400DE0A8C /* Sources */,
				372359E424D59F2400DE0A8C /* Frameworks */,
				372359E524D59F2400DE0A8C /* Resources */,
			);
			buildRules = (
			);
			dependencies = (
			);
			name = ConcatDataSources;
			productName = ConcatDataSources;
			productReference = 372359E724D59F2400DE0A8C /* ConcatDataSources.framework */;
			productType = "com.apple.product-type.framework";
		};
		372359EF24D59F2400DE0A8C /* ConcatDataSourcesTests */ = {
			isa = PBXNativeTarget;
			buildConfigurationList = 372359FE24D59F2400DE0A8C /* Build configuration list for PBXNativeTarget "ConcatDataSourcesTests" */;
			buildPhases = (
				372359EC24D59F2400DE0A8C /* Sources */,
				372359ED24D59F2400DE0A8C /* Frameworks */,
				372359EE24D59F2400DE0A8C /* Resources */,
			);
			buildRules = (
			);
			dependencies = (
				372359F324D59F2400DE0A8C /* PBXTargetDependency */,
			);
			name = ConcatDataSourcesTests;
			productName = ConcatDataSourcesTests;
			productReference = 372359F024D59F2400DE0A8C /* ConcatDataSourcesTests.xctest */;
			productType = "com.apple.product-type.bundle.unit-test";
		};
/* End PBXNativeTarget section */

/* Begin PBXProject section */
		372359DE24D59F2400DE0A8C /* Project object */ = {
			isa = PBXProject;
			attributes = {
				LastSwiftUpdateCheck = 1160;
				LastUpgradeCheck = 1160;
				ORGANIZATIONNAME = iceman;
				TargetAttributes = {
					372359E624D59F2400DE0A8C = {
						CreatedOnToolsVersion = 11.6;
					};
					372359EF24D59F2400DE0A8C = {
						CreatedOnToolsVersion = 11.6;
					};
				};
			};
			buildConfigurationList = 372359E124D59F2400DE0A8C /* Build configuration list for PBXProject "ConcatDataSources" */;
			compatibilityVersion = "Xcode 9.3";
			developmentRegion = en;
			hasScannedForEncodings = 0;
			knownRegions = (
				en,
				Base,
			);
			mainGroup = 372359DD24D59F2400DE0A8C;
			productRefGroup = 372359E824D59F2400DE0A8C /* Products */;
			projectDirPath = "";
			projectRoot = "";
			targets = (
				372359E624D59F2400DE0A8C /* ConcatDataSources */,
				372359EF24D59F2400DE0A8C /* ConcatDataSourcesTests */,
			);
		};
/* End PBXProject section */

/* Begin PBXResourcesBuildPhase section */
		372359E524D59F2400DE0A8C /* Resources */ = {
			isa = PBXResourcesBuildPhase;
			buildActionMask = 2147483647;
			files = (
			);
			runOnlyForDeploymentPostprocessing = 0;
		};
		372359EE24D59F2400DE0A8C /* Resources */ = {
			isa = PBXResourcesBuildPhase;
			buildActionMask = 2147483647;
			files = (
			);
			runOnlyForDeploymentPostprocessing = 0;
		};
/* End PBXResourcesBuildPhase section */

/* Begin PBXSourcesBuildPhase section */
		372359E324D59F2400DE0A8C /* Sources */ = {
			isa = PBXSourcesBuildPhase;
			buildActionMask = 2147483647;
			files = (
				378A64E424D6B69F00C4701E /* TableViewConcatDataSource.swift in Sources */,
				37235A1F24D5A0B700DE0A8C /* CollectionViewItemSelectableSectionDataSource.swift in Sources */,
				37235A1B24D5A0B700DE0A8C /* CollectionViewDiffableSectionDataSource.swift in Sources */,
				37235A1924D5A0B700DE0A8C /* CollectionViewConcatDataSource.swift in Sources */,
				378A64E624D6B6F200C4701E /* TableViewSectionDataSource.swift in Sources */,
				378A64EE24D6BEA200C4701E /* TableViewDiffableSectionDataSource.swift in Sources */,
				378A64E924D6BAA900C4701E /* ConcatDataSourceCollectionSectionsSnapshot.swift in Sources */,
				37235A1A24D5A0B700DE0A8C /* ConcatDataSourceDiffableSectionSnapshot.swift in Sources */,
				378A64EC24D6BB4100C4701E /* ConcatDataSourceTableSectionsSnapshot.swift in Sources */,
				37235A1C24D5A0B700DE0A8C /* CollectionViewSectionDataSource.swift in Sources */,
				37235A1E24D5A0B700DE0A8C /* CollectionViewStaticSectionDataSource.swift in Sources */,
			);
			runOnlyForDeploymentPostprocessing = 0;
		};
		372359EC24D59F2400DE0A8C /* Sources */ = {
			isa = PBXSourcesBuildPhase;
			buildActionMask = 2147483647;
			files = (
				37235A2524D5A0C700DE0A8C /* ConcatDataSourcesTests.swift in Sources */,
			);
			runOnlyForDeploymentPostprocessing = 0;
		};
/* End PBXSourcesBuildPhase section */

/* Begin PBXTargetDependency section */
		372359F324D59F2400DE0A8C /* PBXTargetDependency */ = {
			isa = PBXTargetDependency;
			target = 372359E624D59F2400DE0A8C /* ConcatDataSources */;
			targetProxy = 372359F224D59F2400DE0A8C /* PBXContainerItemProxy */;
		};
/* End PBXTargetDependency section */

/* Begin XCBuildConfiguration section */
		372359F924D59F2400DE0A8C /* Debug */ = {
			isa = XCBuildConfiguration;
			buildSettings = {
				ALWAYS_SEARCH_USER_PATHS = NO;
				CLANG_ANALYZER_NONNULL = YES;
				CLANG_ANALYZER_NUMBER_OBJECT_CONVERSION = YES_AGGRESSIVE;
				CLANG_CXX_LANGUAGE_STANDARD = "gnu++14";
				CLANG_CXX_LIBRARY = "libc++";
				CLANG_ENABLE_MODULES = YES;
				CLANG_ENABLE_OBJC_ARC = YES;
				CLANG_ENABLE_OBJC_WEAK = YES;
				CLANG_WARN_BLOCK_CAPTURE_AUTORELEASING = YES;
				CLANG_WARN_BOOL_CONVERSION = YES;
				CLANG_WARN_COMMA = YES;
				CLANG_WARN_CONSTANT_CONVERSION = YES;
				CLANG_WARN_DEPRECATED_OBJC_IMPLEMENTATIONS = YES;
				CLANG_WARN_DIRECT_OBJC_ISA_USAGE = YES_ERROR;
				CLANG_WARN_DOCUMENTATION_COMMENTS = YES;
				CLANG_WARN_EMPTY_BODY = YES;
				CLANG_WARN_ENUM_CONVERSION = YES;
				CLANG_WARN_INFINITE_RECURSION = YES;
				CLANG_WARN_INT_CONVERSION = YES;
				CLANG_WARN_NON_LITERAL_NULL_CONVERSION = YES;
				CLANG_WARN_OBJC_IMPLICIT_RETAIN_SELF = YES;
				CLANG_WARN_OBJC_LITERAL_CONVERSION = YES;
				CLANG_WARN_OBJC_ROOT_CLASS = YES_ERROR;
				CLANG_WARN_RANGE_LOOP_ANALYSIS = YES;
				CLANG_WARN_STRICT_PROTOTYPES = YES;
				CLANG_WARN_SUSPICIOUS_MOVE = YES;
				CLANG_WARN_UNGUARDED_AVAILABILITY = YES_AGGRESSIVE;
				CLANG_WARN_UNREACHABLE_CODE = YES;
				CLANG_WARN__DUPLICATE_METHOD_MATCH = YES;
				COPY_PHASE_STRIP = NO;
				CURRENT_PROJECT_VERSION = 1;
				DEBUG_INFORMATION_FORMAT = dwarf;
				ENABLE_STRICT_OBJC_MSGSEND = YES;
				ENABLE_TESTABILITY = YES;
				GCC_C_LANGUAGE_STANDARD = gnu11;
				GCC_DYNAMIC_NO_PIC = NO;
				GCC_NO_COMMON_BLOCKS = YES;
				GCC_OPTIMIZATION_LEVEL = 0;
				GCC_PREPROCESSOR_DEFINITIONS = (
					"DEBUG=1",
					"$(inherited)",
				);
				GCC_WARN_64_TO_32_BIT_CONVERSION = YES;
				GCC_WARN_ABOUT_RETURN_TYPE = YES_ERROR;
				GCC_WARN_UNDECLARED_SELECTOR = YES;
				GCC_WARN_UNINITIALIZED_AUTOS = YES_AGGRESSIVE;
				GCC_WARN_UNUSED_FUNCTION = YES;
				GCC_WARN_UNUSED_VARIABLE = YES;
				IPHONEOS_DEPLOYMENT_TARGET = 11.0;
				MTL_ENABLE_DEBUG_INFO = INCLUDE_SOURCE;
				MTL_FAST_MATH = YES;
				ONLY_ACTIVE_ARCH = YES;
				SDKROOT = iphoneos;
				SWIFT_ACTIVE_COMPILATION_CONDITIONS = DEBUG;
				SWIFT_OPTIMIZATION_LEVEL = "-Onone";
				VERSIONING_SYSTEM = "apple-generic";
				VERSION_INFO_PREFIX = "";
			};
			name = Debug;
		};
		372359FA24D59F2400DE0A8C /* Release */ = {
			isa = XCBuildConfiguration;
			buildSettings = {
				ALWAYS_SEARCH_USER_PATHS = NO;
				CLANG_ANALYZER_NONNULL = YES;
				CLANG_ANALYZER_NUMBER_OBJECT_CONVERSION = YES_AGGRESSIVE;
				CLANG_CXX_LANGUAGE_STANDARD = "gnu++14";
				CLANG_CXX_LIBRARY = "libc++";
				CLANG_ENABLE_MODULES = YES;
				CLANG_ENABLE_OBJC_ARC = YES;
				CLANG_ENABLE_OBJC_WEAK = YES;
				CLANG_WARN_BLOCK_CAPTURE_AUTORELEASING = YES;
				CLANG_WARN_BOOL_CONVERSION = YES;
				CLANG_WARN_COMMA = YES;
				CLANG_WARN_CONSTANT_CONVERSION = YES;
				CLANG_WARN_DEPRECATED_OBJC_IMPLEMENTATIONS = YES;
				CLANG_WARN_DIRECT_OBJC_ISA_USAGE = YES_ERROR;
				CLANG_WARN_DOCUMENTATION_COMMENTS = YES;
				CLANG_WARN_EMPTY_BODY = YES;
				CLANG_WARN_ENUM_CONVERSION = YES;
				CLANG_WARN_INFINITE_RECURSION = YES;
				CLANG_WARN_INT_CONVERSION = YES;
				CLANG_WARN_NON_LITERAL_NULL_CONVERSION = YES;
				CLANG_WARN_OBJC_IMPLICIT_RETAIN_SELF = YES;
				CLANG_WARN_OBJC_LITERAL_CONVERSION = YES;
				CLANG_WARN_OBJC_ROOT_CLASS = YES_ERROR;
				CLANG_WARN_RANGE_LOOP_ANALYSIS = YES;
				CLANG_WARN_STRICT_PROTOTYPES = YES;
				CLANG_WARN_SUSPICIOUS_MOVE = YES;
				CLANG_WARN_UNGUARDED_AVAILABILITY = YES_AGGRESSIVE;
				CLANG_WARN_UNREACHABLE_CODE = YES;
				CLANG_WARN__DUPLICATE_METHOD_MATCH = YES;
				COPY_PHASE_STRIP = NO;
				CURRENT_PROJECT_VERSION = 1;
				DEBUG_INFORMATION_FORMAT = "dwarf-with-dsym";
				ENABLE_NS_ASSERTIONS = NO;
				ENABLE_STRICT_OBJC_MSGSEND = YES;
				GCC_C_LANGUAGE_STANDARD = gnu11;
				GCC_NO_COMMON_BLOCKS = YES;
				GCC_WARN_64_TO_32_BIT_CONVERSION = YES;
				GCC_WARN_ABOUT_RETURN_TYPE = YES_ERROR;
				GCC_WARN_UNDECLARED_SELECTOR = YES;
				GCC_WARN_UNINITIALIZED_AUTOS = YES_AGGRESSIVE;
				GCC_WARN_UNUSED_FUNCTION = YES;
				GCC_WARN_UNUSED_VARIABLE = YES;
				IPHONEOS_DEPLOYMENT_TARGET = 11.0;
				MTL_ENABLE_DEBUG_INFO = NO;
				MTL_FAST_MATH = YES;
				SDKROOT = iphoneos;
				SWIFT_COMPILATION_MODE = wholemodule;
				SWIFT_OPTIMIZATION_LEVEL = "-O";
				VALIDATE_PRODUCT = YES;
				VERSIONING_SYSTEM = "apple-generic";
				VERSION_INFO_PREFIX = "";
			};
			name = Release;
		};
		372359FC24D59F2400DE0A8C /* Debug */ = {
			isa = XCBuildConfiguration;
			buildSettings = {
				CODE_SIGN_STYLE = Automatic;
				DEFINES_MODULE = YES;
				DYLIB_COMPATIBILITY_VERSION = 1;
				DYLIB_CURRENT_VERSION = 1;
				DYLIB_INSTALL_NAME_BASE = "@rpath";
				INFOPLIST_FILE = "$(SRCROOT)/Sources/ConcatDataSources/Info.plist";
				INSTALL_PATH = "$(LOCAL_LIBRARY_DIR)/Frameworks";
				LD_RUNPATH_SEARCH_PATHS = (
					"$(inherited)",
					"@executable_path/Frameworks",
					"@loader_path/Frameworks",
				);
				MARKETING_VERSION = 0.1.0;
				PRODUCT_BUNDLE_IDENTIFIER = com.gmail.side.junktown.ConcatDataSources;
				PRODUCT_NAME = "$(TARGET_NAME:c99extidentifier)";
				SKIP_INSTALL = YES;
				SWIFT_VERSION = 5.0;
				TARGETED_DEVICE_FAMILY = "1,2";
			};
			name = Debug;
		};
		372359FD24D59F2400DE0A8C /* Release */ = {
			isa = XCBuildConfiguration;
			buildSettings = {
				CODE_SIGN_STYLE = Automatic;
				DEFINES_MODULE = YES;
				DYLIB_COMPATIBILITY_VERSION = 1;
				DYLIB_CURRENT_VERSION = 1;
				DYLIB_INSTALL_NAME_BASE = "@rpath";
				INFOPLIST_FILE = "$(SRCROOT)/Sources/ConcatDataSources/Info.plist";
				INSTALL_PATH = "$(LOCAL_LIBRARY_DIR)/Frameworks";
				LD_RUNPATH_SEARCH_PATHS = (
					"$(inherited)",
					"@executable_path/Frameworks",
					"@loader_path/Frameworks",
				);
				MARKETING_VERSION = 0.1.0;
				PRODUCT_BUNDLE_IDENTIFIER = com.gmail.side.junktown.ConcatDataSources;
				PRODUCT_NAME = "$(TARGET_NAME:c99extidentifier)";
				SKIP_INSTALL = YES;
				SWIFT_VERSION = 5.0;
				TARGETED_DEVICE_FAMILY = "1,2";
			};
			name = Release;
		};
		372359FF24D59F2400DE0A8C /* Debug */ = {
			isa = XCBuildConfiguration;
			buildSettings = {
				ALWAYS_EMBED_SWIFT_STANDARD_LIBRARIES = YES;
				CODE_SIGN_STYLE = Automatic;
				INFOPLIST_FILE = "$(SRCROOT)/Sources/ConcatDataSourcesTests/Info.plist";
				LD_RUNPATH_SEARCH_PATHS = (
					"$(inherited)",
					"@executable_path/Frameworks",
					"@loader_path/Frameworks",
				);
				PRODUCT_BUNDLE_IDENTIFIER = com.gmail.side.junktown.ConcatDataSourcesTests;
				PRODUCT_NAME = "$(TARGET_NAME)";
				SWIFT_VERSION = 5.0;
				TARGETED_DEVICE_FAMILY = "1,2";
			};
			name = Debug;
		};
		37235A0024D59F2400DE0A8C /* Release */ = {
			isa = XCBuildConfiguration;
			buildSettings = {
				ALWAYS_EMBED_SWIFT_STANDARD_LIBRARIES = YES;
				CODE_SIGN_STYLE = Automatic;
				INFOPLIST_FILE = "$(SRCROOT)/Sources/ConcatDataSourcesTests/Info.plist";
				LD_RUNPATH_SEARCH_PATHS = (
					"$(inherited)",
					"@executable_path/Frameworks",
					"@loader_path/Frameworks",
				);
				PRODUCT_BUNDLE_IDENTIFIER = com.gmail.side.junktown.ConcatDataSourcesTests;
				PRODUCT_NAME = "$(TARGET_NAME)";
				SWIFT_VERSION = 5.0;
				TARGETED_DEVICE_FAMILY = "1,2";
			};
			name = Release;
		};
/* End XCBuildConfiguration section */

/* Begin XCConfigurationList section */
		372359E124D59F2400DE0A8C /* Build configuration list for PBXProject "ConcatDataSources" */ = {
			isa = XCConfigurationList;
			buildConfigurations = (
				372359F924D59F2400DE0A8C /* Debug */,
				372359FA24D59F2400DE0A8C /* Release */,
			);
			defaultConfigurationIsVisible = 0;
			defaultConfigurationName = Release;
		};
		372359FB24D59F2400DE0A8C /* Build configuration list for PBXNativeTarget "ConcatDataSources" */ = {
			isa = XCConfigurationList;
			buildConfigurations = (
				372359FC24D59F2400DE0A8C /* Debug */,
				372359FD24D59F2400DE0A8C /* Release */,
			);
			defaultConfigurationIsVisible = 0;
			defaultConfigurationName = Release;
		};
		372359FE24D59F2400DE0A8C /* Build configuration list for PBXNativeTarget "ConcatDataSourcesTests" */ = {
			isa = XCConfigurationList;
			buildConfigurations = (
				372359FF24D59F2400DE0A8C /* Debug */,
				37235A0024D59F2400DE0A8C /* Release */,
			);
			defaultConfigurationIsVisible = 0;
			defaultConfigurationName = Release;
		};
/* End XCConfigurationList section */
	};
	rootObject = 372359DE24D59F2400DE0A8C /* Project object */;
}
